
Microsoft Visual Studio Solution File, Format Version 12.00
# Visual Studio Version 17
VisualStudioVersion = 17.3.32901.215
MinimumVisualStudioVersion = 10.0.40219.1
Project("{FAE04EC0-301F-11D3-BF4B-00C04F79EFBC}") = "teams_1", "teams_1\teams_1.csproj", "{5F30E6BB-4F4D-4763-A2EB-4F252D9D627A}"
EndProject
Global
	GlobalSection(SolutionConfigurationPlatforms) = preSolution
		Debug|Any CPU = Debug|Any CPU
		Release|Any CPU = Release|Any CPU
	EndGlobalSection
	GlobalSection(ProjectConfigurationPlatforms) = postSolution
		{5F30E6BB-4F4D-4763-A2EB-4F252D9D627A}.Debug|Any CPU.ActiveCfg = Debug|Any CPU
		{5F30E6BB-4F4D-4763-A2EB-4F252D9D627A}.Debug|Any CPU.Build.0 = Debug|Any CPU
		{5F30E6BB-4F4D-4763-A2EB-4F252D9D627A}.Release|Any CPU.ActiveCfg = Release|Any CPU
		{5F30E6BB-4F4D-4763-A2EB-4F252D9D627A}.Release|Any CPU.Build.0 = Release|Any CPU
	EndGlobalSection
	GlobalSection(SolutionProperties) = preSolution
		HideSolutionNode = FALSE
	EndGlobalSection
	GlobalSection(ExtensibilityGlobals) = postSolution
		SolutionGuid = {918F2DCF-DC05-4364-AACE-FCC2E164AE9F}
	EndGlobalSection
EndGlobal
